
Microsoft Visual Studio Solution File, Format Version 11.00
# Visual Studio 2010
Project("{FAE04EC0-301F-11D3-BF4B-00C04F79EFBC}") = "Assembly-CSharp", "Assembly-CSharp.csproj", "{6619CA7D-FE47-DFBD-E04E-45BA33EE6FE6}"
EndProject
Project("{FAE04EC0-301F-11D3-BF4B-00C04F79EFBC}") = "Assembly-CSharp-Editor", "Assembly-CSharp-Editor.csproj", "{5C8483F8-0B50-069B-CAFF-9D3E7742960F}"
EndProject
Global
	GlobalSection(SolutionConfigurationPlatforms) = preSolution
		Debug|Any CPU = Debug|Any CPU
		Release|Any CPU = Release|Any CPU
	EndGlobalSection
	GlobalSection(ProjectConfigurationPlatforms) = postSolution
		{6619CA7D-FE47-DFBD-E04E-45BA33EE6FE6}.Debug|Any CPU.ActiveCfg = Debug|Any CPU
		{6619CA7D-FE47-DFBD-E04E-45BA33EE6FE6}.Debug|Any CPU.Build.0 = Debug|Any CPU
		{6619CA7D-FE47-DFBD-E04E-45BA33EE6FE6}.Release|Any CPU.ActiveCfg = Release|Any CPU
		{6619CA7D-FE47-DFBD-E04E-45BA33EE6FE6}.Release|Any CPU.Build.0 = Release|Any CPU
		{5C8483F8-0B50-069B-CAFF-9D3E7742960F}.Debug|Any CPU.ActiveCfg = Debug|Any CPU
		{5C8483F8-0B50-069B-CAFF-9D3E7742960F}.Debug|Any CPU.Build.0 = Debug|Any CPU
		{5C8483F8-0B50-069B-CAFF-9D3E7742960F}.Release|Any CPU.ActiveCfg = Release|Any CPU
		{5C8483F8-0B50-069B-CAFF-9D3E7742960F}.Release|Any CPU.Build.0 = Release|Any CPU
	EndGlobalSection
	GlobalSection(SolutionProperties) = preSolution
		HideSolutionNode = FALSE
	EndGlobalSection
	GlobalSection(MonoDevelopProperties) = preSolution
		StartupItem = Assembly-CSharp.csproj
	EndGlobalSection
EndGlobal
